
Microsoft Visual Studio Solution File, Format Version 12.00
# Visual Studio Version 17
VisualStudioVersion = 17.3.32901.215
MinimumVisualStudioVersion = 10.0.40219.1
Project("{FAE04EC0-301F-11D3-BF4B-00C04F79EFBC}") = "BlueContentPipeline", "BlueContentPipeline.csproj", "{5380C59C-ED47-460F-B7AB-6C1FCF5D2A6E}"
EndProject
Global
	GlobalSection(SolutionConfigurationPlatforms) = preSolution
		Debug|Any CPU = Debug|Any CPU
		Release|Any CPU = Release|Any CPU
	EndGlobalSection
	GlobalSection(ProjectConfigurationPlatforms) = postSolution
		{5380C59C-ED47-460F-B7AB-6C1FCF5D2A6E}.Debug|Any CPU.ActiveCfg = Debug|Any CPU
		{5380C59C-ED47-460F-B7AB-6C1FCF5D2A6E}.Debug|Any CPU.Build.0 = Debug|Any CPU
		{5380C59C-ED47-460F-B7AB-6C1FCF5D2A6E}.Release|Any CPU.ActiveCfg = Release|Any CPU
		{5380C59C-ED47-460F-B7AB-6C1FCF5D2A6E}.Release|Any CPU.Build.0 = Release|Any CPU
	EndGlobalSection
	GlobalSection(SolutionProperties) = preSolution
		HideSolutionNode = FALSE
	EndGlobalSection
	GlobalSection(ExtensibilityGlobals) = postSolution
		SolutionGuid = {DC1635E1-3D4F-472C-BFDE-96F3864D1D0B}
	EndGlobalSection
EndGlobal
